{
  "name": "sih",
  "version": "1.0.0",
  "lockfileVersion": 3,
  "requires": true,
  "packages": {
    "": {
      "name": "sih",
      "version": "1.0.0",
      "license": "ISC",
      "dependencies": {
        "node": "^22.8.0"
      }
    },
    "node_modules/node": {
      "version": "22.8.0",
      "resolved": "https://registry.npmjs.org/node/-/node-22.8.0.tgz",